{
  "name": "@angular-front-end-libraries/video-library",
  "version": "0.0.1",
  "lockfileVersion": 2,
  "requires": true,
  "packages": {
    "": {
      "name": "@angular-front-end-libraries/video-library",
      "version": "0.0.1",
      "dependencies": {
        "ngx-infinite-scroll": "^14.0.0",
        "rxjs-observable-store": "^3.1.0"
      },
      "peerDependencies": {
        "@angular/common": "14.1.x",
        "@angular/core": "14.1.x",
        "@angular/forms": "14.1.x",
        "@angular/router": "14.1.x",
        "rxjs": "7.5.0"
      }
    },
    "node_modules/@angular/common": {
      "version": "14.1.3",
      "resolved": "https://registry.npmjs.org/@angular/common/-/common-14.1.3.tgz",
      "integrity": "sha512-t5zidNLcQrgrShBFFsEhvJ6yKw5jwv/Td/AQrknQzrAz3kVBH4dOZGC5jolasFipy/P1DNoG2K+igPCGeskc4w==",
      "peer": true,
      "dependencies": {
        "tslib": "^2.3.0"
      },
      "engines": {
        "node": "^14.15.0 || >=16.10.0"
      },
      "peerDependencies": {
        "@angular/core": "14.1.3",
        "rxjs": "^6.5.3 || ^7.4.0"
      }
    },
    "node_modules/@angular/core": {
      "version": "14.1.3",
      "resolved": "https://registry.npmjs.org/@angular/core/-/core-14.1.3.tgz",
      "integrity": "sha512-V3OJD4cShjLzyJAWQ1ogSW0WhKJwti5zsoT1SQ2RoA5UScBPzZN/F/0n/4IupHeaIC+NfaLX916xKTGWA8G8SQ==",
      "peer": true,
      "dependencies": {
        "tslib": "^2.3.0"
      },
      "engines": {
        "node": "^14.15.0 || >=16.10.0"
      },
      "peerDependencies": {
        "rxjs": "^6.5.3 || ^7.4.0",
        "zone.js": "~0.11.4"
      }
    },
    "node_modules/@angular/forms": {
      "version": "14.1.3",
      "resolved": "https://registry.npmjs.org/@angular/forms/-/forms-14.1.3.tgz",
      "integrity": "sha512-gCN3my9KRp6BLlBGh4uw8NukUPKCl+quroMO2lkvsodF0MA42uhKHO+EImrpLxNMK7lfENIERwthb4mh4G4cFQ==",
      "peer": true,
      "dependencies": {
        "tslib": "^2.3.0"
      },
      "engines": {
        "node": "^14.15.0 || >=16.10.0"
      },
      "peerDependencies": {
        "@angular/common": "14.1.3",
        "@angular/core": "14.1.3",
        "@angular/platform-browser": "14.1.3",
        "rxjs": "^6.5.3 || ^7.4.0"
      }
    },
    "node_modules/@angular/platform-browser": {
      "version": "14.1.3",
      "resolved": "https://registry.npmjs.org/@angular/platform-browser/-/platform-browser-14.1.3.tgz",
      "integrity": "sha512-baEHBj2pCrz5XR9KCb2FaAChWsRrxl9yapDZFNpApucN/OlQpBDVA9UDDvaYeD3PsI8nVL3B6danKUloamd+pw==",
      "peer": true,
      "dependencies": {
        "tslib": "^2.3.0"
      },
      "engines": {
        "node": "^14.15.0 || >=16.10.0"
      },
      "peerDependencies": {
        "@angular/animations": "14.1.3",
        "@angular/common": "14.1.3",
        "@angular/core": "14.1.3"
      },
      "peerDependenciesMeta": {
        "@angular/animations": {
          "optional": true
        }
      }
    },
    "node_modules/@angular/router": {
      "version": "14.1.3",
      "resolved": "https://registry.npmjs.org/@angular/router/-/router-14.1.3.tgz",
      "integrity": "sha512-LjWQBaeaGkgFy814booGmQV2eELDynzACGAZUwrpWmdHKo9p9GCi9dYttYXspNDmxoipXAzYvVPSABlMfhuQ+g==",
      "peer": true,
      "dependencies": {
        "tslib": "^2.3.0"
      },
      "engines": {
        "node": "^14.15.0 || >=16.10.0"
      },
      "peerDependencies": {
        "@angular/common": "14.1.3",
        "@angular/core": "14.1.3",
        "@angular/platform-browser": "14.1.3",
        "rxjs": "^6.5.3 || ^7.4.0"
      }
    },
    "node_modules/ngx-infinite-scroll": {
      "version": "14.0.0",
      "resolved": "https://registry.npmjs.org/ngx-infinite-scroll/-/ngx-infinite-scroll-14.0.0.tgz",
      "integrity": "sha512-YZB5PBPXSERNtCGQRZTVflbgkh5asp01NPfC8KPItemmQik1Ip8ZCCbcyHA77TDTdilmaiu8TbguA3geg/LMWw==",
      "dependencies": {
        "tslib": "^2.3.0"
      },
      "peerDependencies": {
        "@angular/common": ">=14.0.0 <15.0.0",
        "@angular/core": ">=14.0.0 <15.0.0"
      }
    },
    "node_modules/rxjs": {
      "version": "7.5.0",
      "resolved": "https://registry.npmjs.org/rxjs/-/rxjs-7.5.0.tgz",
      "integrity": "sha512-fuCKAfFawVYX0pyFlETtYnXI+5iiY9Dftgk+VdgeOq+Qyi9ZDWckHZRDaXRt5WCNbbLkmAheoSGDiceyCIKNZA==",
      "peer": true,
      "dependencies": {
        "tslib": "^2.1.0"
      }
    },
    "node_modules/rxjs-observable-store": {
      "version": "3.1.0",
      "resolved": "https://registry.npmjs.org/rxjs-observable-store/-/rxjs-observable-store-3.1.0.tgz",
      "integrity": "sha512-xkHV9+maaNSxyENQtLpfwoHGujdX3pO84oyG7IUdpw0sh3/xZJ1ReWg12zOY2hY4T0KopdubbRkypDjeWhY4tg==",
      "dependencies": {
        "ts-toolbelt": "~9.6.0"
      },
      "peerDependencies": {
        "rxjs": "7.x"
      }
    },
    "node_modules/ts-toolbelt": {
      "version": "9.6.0",
      "resolved": "https://registry.npmjs.org/ts-toolbelt/-/ts-toolbelt-9.6.0.tgz",
      "integrity": "sha512-nsZd8ZeNUzukXPlJmTBwUAuABDe/9qtVDelJeT/qW0ow3ZS3BsQJtNkan1802aM9Uf68/Y8ljw86Hu0h5IUW3w=="
    },
    "node_modules/tslib": {
      "version": "2.4.0",
      "resolved": "https://registry.npmjs.org/tslib/-/tslib-2.4.0.tgz",
      "integrity": "sha512-d6xOpEDfsi2CZVlPQzGeux8XMwLT9hssAsaPYExaQMuYskwb+x1x7J371tWlbBdWHroy99KnVB6qIkUbs5X3UQ=="
    },
    "node_modules/zone.js": {
      "version": "0.11.8",
      "resolved": "https://registry.npmjs.org/zone.js/-/zone.js-0.11.8.tgz",
      "integrity": "sha512-82bctBg2hKcEJ21humWIkXRlLBBmrc3nN7DFh5LGGhcyycO2S7FN8NmdvlcKaGFDNVL4/9kFLmwmInTavdJERA==",
      "peer": true,
      "dependencies": {
        "tslib": "^2.3.0"
      }
    }
  },
  "dependencies": {
    "@angular/common": {
      "version": "14.1.3",
      "resolved": "https://registry.npmjs.org/@angular/common/-/common-14.1.3.tgz",
      "integrity": "sha512-t5zidNLcQrgrShBFFsEhvJ6yKw5jwv/Td/AQrknQzrAz3kVBH4dOZGC5jolasFipy/P1DNoG2K+igPCGeskc4w==",
      "peer": true,
      "requires": {
        "tslib": "^2.3.0"
      }
    },
    "@angular/core": {
      "version": "14.1.3",
      "resolved": "https://registry.npmjs.org/@angular/core/-/core-14.1.3.tgz",
      "integrity": "sha512-V3OJD4cShjLzyJAWQ1ogSW0WhKJwti5zsoT1SQ2RoA5UScBPzZN/F/0n/4IupHeaIC+NfaLX916xKTGWA8G8SQ==",
      "peer": true,
      "requires": {
        "tslib": "^2.3.0"
      }
    },
    "@angular/forms": {
      "version": "14.1.3",
      "resolved": "https://registry.npmjs.org/@angular/forms/-/forms-14.1.3.tgz",
      "integrity": "sha512-gCN3my9KRp6BLlBGh4uw8NukUPKCl+quroMO2lkvsodF0MA42uhKHO+EImrpLxNMK7lfENIERwthb4mh4G4cFQ==",
      "peer": true,
      "requires": {
        "tslib": "^2.3.0"
      }
    },
    "@angular/platform-browser": {
      "version": "14.1.3",
      "resolved": "https://registry.npmjs.org/@angular/platform-browser/-/platform-browser-14.1.3.tgz",
      "integrity": "sha512-baEHBj2pCrz5XR9KCb2FaAChWsRrxl9yapDZFNpApucN/OlQpBDVA9UDDvaYeD3PsI8nVL3B6danKUloamd+pw==",
      "peer": true,
      "requires": {
        "tslib": "^2.3.0"
      }
    },
    "@angular/router": {
      "version": "14.1.3",
      "resolved": "https://registry.npmjs.org/@angular/router/-/router-14.1.3.tgz",
      "integrity": "sha512-LjWQBaeaGkgFy814booGmQV2eELDynzACGAZUwrpWmdHKo9p9GCi9dYttYXspNDmxoipXAzYvVPSABlMfhuQ+g==",
      "peer": true,
      "requires": {
        "tslib": "^2.3.0"
      }
    },
    "ngx-infinite-scroll": {
      "version": "14.0.0",
      "resolved": "https://registry.npmjs.org/ngx-infinite-scroll/-/ngx-infinite-scroll-14.0.0.tgz",
      "integrity": "sha512-YZB5PBPXSERNtCGQRZTVflbgkh5asp01NPfC8KPItemmQik1Ip8ZCCbcyHA77TDTdilmaiu8TbguA3geg/LMWw==",
      "requires": {
        "tslib": "^2.3.0"
      }
    },
    "rxjs": {
      "version": "7.5.0",
      "resolved": "https://registry.npmjs.org/rxjs/-/rxjs-7.5.0.tgz",
      "integrity": "sha512-fuCKAfFawVYX0pyFlETtYnXI+5iiY9Dftgk+VdgeOq+Qyi9ZDWckHZRDaXRt5WCNbbLkmAheoSGDiceyCIKNZA==",
      "peer": true,
      "requires": {
        "tslib": "^2.1.0"
      }
    },
    "rxjs-observable-store": {
      "version": "3.1.0",
      "resolved": "https://registry.npmjs.org/rxjs-observable-store/-/rxjs-observable-store-3.1.0.tgz",
      "integrity": "sha512-xkHV9+maaNSxyENQtLpfwoHGujdX3pO84oyG7IUdpw0sh3/xZJ1ReWg12zOY2hY4T0KopdubbRkypDjeWhY4tg==",
      "requires": {
        "ts-toolbelt": "~9.6.0"
      }
    },
    "ts-toolbelt": {
      "version": "9.6.0",
      "resolved": "https://registry.npmjs.org/ts-toolbelt/-/ts-toolbelt-9.6.0.tgz",
      "integrity": "sha512-nsZd8ZeNUzukXPlJmTBwUAuABDe/9qtVDelJeT/qW0ow3ZS3BsQJtNkan1802aM9Uf68/Y8ljw86Hu0h5IUW3w=="
    },
    "tslib": {
      "version": "2.4.0",
      "resolved": "https://registry.npmjs.org/tslib/-/tslib-2.4.0.tgz",
      "integrity": "sha512-d6xOpEDfsi2CZVlPQzGeux8XMwLT9hssAsaPYExaQMuYskwb+x1x7J371tWlbBdWHroy99KnVB6qIkUbs5X3UQ=="
    },
    "zone.js": {
      "version": "0.11.8",
      "resolved": "https://registry.npmjs.org/zone.js/-/zone.js-0.11.8.tgz",
      "integrity": "sha512-82bctBg2hKcEJ21humWIkXRlLBBmrc3nN7DFh5LGGhcyycO2S7FN8NmdvlcKaGFDNVL4/9kFLmwmInTavdJERA==",
      "peer": true,
      "requires": {
        "tslib": "^2.3.0"
      }
    }
  }
}
